
Microsoft Visual Studio Solution File, Format Version 12.00
# Visual Studio Version 17
VisualStudioVersion = 17.4.33103.184
MinimumVisualStudioVersion = 10.0.40219.1
Project("{2150E333-8FDC-42A3-9474-1A3956D46DE8}") = "Core", "Core", "{DEB7F10E-5AC2-4B70-8E90-60C8727BF156}"
EndProject
Project("{2150E333-8FDC-42A3-9474-1A3956D46DE8}") = "Infrastructure", "Infrastructure", "{AA0A4CF0-14C6-444B-BD3B-E568E18399FE}"
EndProject
Project("{2150E333-8FDC-42A3-9474-1A3956D46DE8}") = "Presentation", "Presentation", "{250E49EF-F020-4376-907A-2227BE539852}"
EndProject
Project("{2150E333-8FDC-42A3-9474-1A3956D46DE8}") = "Template", "Template", "{73632141-D428-42F8-9E00-378D7CE0CABE}"
	ProjectSection(SolutionItems) = preProject
		Template\clean-architecture.png = Template\clean-architecture.png
		Template\CleanSolution.Template.vstemplate = Template\CleanSolution.Template.vstemplate
		Template\Icon.ico = Template\Icon.ico
		Template\README.Md = Template\README.Md
	EndProjectSection
EndProject
Project("{9A19103F-16F7-4668-BE54-9A1E7A4F7556}") = "Presentation.WebApi", "Presentation\Presentation.WebApi\Presentation.WebApi.csproj", "{5A070C17-73C1-485D-B190-B9F483C3F9F0}"
EndProject
Project("{FAE04EC0-301F-11D3-BF4B-00C04F79EFBC}") = "Infrastructure.Documents", "Infrastructure\Infrastructure.Documents\Infrastructure.Documents.csproj", "{E80E8533-FA84-48E7-BE3C-1EAC79CE7BA1}"
EndProject
Project("{FAE04EC0-301F-11D3-BF4B-00C04F79EFBC}") = "Infrastructure.Logger", "Infrastructure\Infrastructure.Logger\Infrastructure.Logger.csproj", "{33B8643F-44E3-44D7-87D0-4BA7D54D937B}"
EndProject
Project("{FAE04EC0-301F-11D3-BF4B-00C04F79EFBC}") = "Infrastructure.Persistence", "Infrastructure\Infrastructure.Persistence\Infrastructure.Persistence.csproj", "{7387650A-7007-4C0D-9AA7-41335EA7096E}"
EndProject
Project("{FAE04EC0-301F-11D3-BF4B-00C04F79EFBC}") = "Core.Application", "Core\Core.Application\Core.Application.csproj", "{6F172BAC-00DE-4753-97BE-0AA7398B7B9E}"
EndProject
Project("{FAE04EC0-301F-11D3-BF4B-00C04F79EFBC}") = "Core.Domain", "Core\Core.Domain\Core.Domain.csproj", "{1B5EE78C-B7B5-461E-A479-54505CF9D708}"
EndProject
Global
	GlobalSection(SolutionConfigurationPlatforms) = preSolution
		Debug|Any CPU = Debug|Any CPU
		Release|Any CPU = Release|Any CPU
	EndGlobalSection
	GlobalSection(ProjectConfigurationPlatforms) = postSolution
		{5A070C17-73C1-485D-B190-B9F483C3F9F0}.Debug|Any CPU.ActiveCfg = Debug|Any CPU
		{5A070C17-73C1-485D-B190-B9F483C3F9F0}.Debug|Any CPU.Build.0 = Debug|Any CPU
		{5A070C17-73C1-485D-B190-B9F483C3F9F0}.Release|Any CPU.ActiveCfg = Release|Any CPU
		{5A070C17-73C1-485D-B190-B9F483C3F9F0}.Release|Any CPU.Build.0 = Release|Any CPU
		{E80E8533-FA84-48E7-BE3C-1EAC79CE7BA1}.Debug|Any CPU.ActiveCfg = Debug|Any CPU
		{E80E8533-FA84-48E7-BE3C-1EAC79CE7BA1}.Debug|Any CPU.Build.0 = Debug|Any CPU
		{E80E8533-FA84-48E7-BE3C-1EAC79CE7BA1}.Release|Any CPU.ActiveCfg = Release|Any CPU
		{E80E8533-FA84-48E7-BE3C-1EAC79CE7BA1}.Release|Any CPU.Build.0 = Release|Any CPU
		{33B8643F-44E3-44D7-87D0-4BA7D54D937B}.Debug|Any CPU.ActiveCfg = Debug|Any CPU
		{33B8643F-44E3-44D7-87D0-4BA7D54D937B}.Debug|Any CPU.Build.0 = Debug|Any CPU
		{33B8643F-44E3-44D7-87D0-4BA7D54D937B}.Release|Any CPU.ActiveCfg = Release|Any CPU
		{33B8643F-44E3-44D7-87D0-4BA7D54D937B}.Release|Any CPU.Build.0 = Release|Any CPU
		{7387650A-7007-4C0D-9AA7-41335EA7096E}.Debug|Any CPU.ActiveCfg = Debug|Any CPU
		{7387650A-7007-4C0D-9AA7-41335EA7096E}.Debug|Any CPU.Build.0 = Debug|Any CPU
		{7387650A-7007-4C0D-9AA7-41335EA7096E}.Release|Any CPU.ActiveCfg = Release|Any CPU
		{7387650A-7007-4C0D-9AA7-41335EA7096E}.Release|Any CPU.Build.0 = Release|Any CPU
		{6F172BAC-00DE-4753-97BE-0AA7398B7B9E}.Debug|Any CPU.ActiveCfg = Debug|Any CPU
		{6F172BAC-00DE-4753-97BE-0AA7398B7B9E}.Debug|Any CPU.Build.0 = Debug|Any CPU
		{6F172BAC-00DE-4753-97BE-0AA7398B7B9E}.Release|Any CPU.ActiveCfg = Release|Any CPU
		{6F172BAC-00DE-4753-97BE-0AA7398B7B9E}.Release|Any CPU.Build.0 = Release|Any CPU
		{1B5EE78C-B7B5-461E-A479-54505CF9D708}.Debug|Any CPU.ActiveCfg = Debug|Any CPU
		{1B5EE78C-B7B5-461E-A479-54505CF9D708}.Debug|Any CPU.Build.0 = Debug|Any CPU
		{1B5EE78C-B7B5-461E-A479-54505CF9D708}.Release|Any CPU.ActiveCfg = Release|Any CPU
		{1B5EE78C-B7B5-461E-A479-54505CF9D708}.Release|Any CPU.Build.0 = Release|Any CPU
	EndGlobalSection
	GlobalSection(SolutionProperties) = preSolution
		HideSolutionNode = FALSE
	EndGlobalSection
	GlobalSection(NestedProjects) = preSolution
		{5A070C17-73C1-485D-B190-B9F483C3F9F0} = {250E49EF-F020-4376-907A-2227BE539852}
		{E80E8533-FA84-48E7-BE3C-1EAC79CE7BA1} = {AA0A4CF0-14C6-444B-BD3B-E568E18399FE}
		{33B8643F-44E3-44D7-87D0-4BA7D54D937B} = {AA0A4CF0-14C6-444B-BD3B-E568E18399FE}
		{7387650A-7007-4C0D-9AA7-41335EA7096E} = {AA0A4CF0-14C6-444B-BD3B-E568E18399FE}
		{6F172BAC-00DE-4753-97BE-0AA7398B7B9E} = {DEB7F10E-5AC2-4B70-8E90-60C8727BF156}
		{1B5EE78C-B7B5-461E-A479-54505CF9D708} = {DEB7F10E-5AC2-4B70-8E90-60C8727BF156}
	EndGlobalSection
	GlobalSection(ExtensibilityGlobals) = postSolution
		SolutionGuid = {B85B72D3-E7BA-4C83-8775-0990A3A45DF0}
	EndGlobalSection
EndGlobal
