
Microsoft Visual Studio Solution File, Format Version 12.00
# Visual Studio Version 17
VisualStudioVersion = 17.4.33103.184
MinimumVisualStudioVersion = 10.0.40219.1
Project("{2150E333-8FDC-42A3-9474-1A3956D46DE8}") = "Core", "Core", "{DEB7F10E-5AC2-4B70-8E90-60C8727BF156}"
EndProject
Project("{2150E333-8FDC-42A3-9474-1A3956D46DE8}") = "Infrastructure", "Infrastructure", "{AA0A4CF0-14C6-444B-BD3B-E568E18399FE}"
EndProject
Project("{2150E333-8FDC-42A3-9474-1A3956D46DE8}") = "Presentation", "Presentation", "{250E49EF-F020-4376-907A-2227BE539852}"
EndProject
Project("{FAE04EC0-301F-11D3-BF4B-00C04F79EFBC}") = "Core.Domain", "Core\Core.Domain\Core.Domain.csproj", "{AE07DC5E-179E-47B9-A57C-DB53D72F0755}"
EndProject
Project("{FAE04EC0-301F-11D3-BF4B-00C04F79EFBC}") = "Infrastructure.Documents", "Infrastructure\Infrastructure.Documents\Infrastructure.Documents.csproj", "{B145D937-A65C-4F5F-9130-F2E8CD6C4CC9}"
EndProject
Project("{FAE04EC0-301F-11D3-BF4B-00C04F79EFBC}") = "Infrastructure.Messaging", "Infrastructure\Infrastructure.Messaging\Infrastructure.Messaging.csproj", "{14B8E1CD-0FAD-4C8C-A96A-8348E07064EE}"
EndProject
Project("{FAE04EC0-301F-11D3-BF4B-00C04F79EFBC}") = "Infrastructure.Persistence", "Infrastructure\Infrastructure.Persistence\Infrastructure.Persistence.csproj", "{6CF9DB76-860A-4DBC-97D3-BA7097E0F1D3}"
EndProject
Project("{FAE04EC0-301F-11D3-BF4B-00C04F79EFBC}") = "Core.Application", "Core\Core.Application\Core.Application.csproj", "{10C5A269-7B58-4DF7-A249-365B4029F124}"
EndProject
Project("{FAE04EC0-301F-11D3-BF4B-00C04F79EFBC}") = "Presentation.WebApi", "Presentation\Presentation.WebApi\Presentation.WebApi.csproj", "{3E13CD7B-1D40-490B-AC37-4C2CE6097DF5}"
EndProject
Project("{FAE04EC0-301F-11D3-BF4B-00C04F79EFBC}") = "Presentation.Worker", "Presentation\Presentation.Worker\Presentation.Worker.csproj", "{14A598B4-F81B-4A39-82C2-3CD152AE4CF9}"
EndProject
Global
	GlobalSection(SolutionConfigurationPlatforms) = preSolution
		Debug|Any CPU = Debug|Any CPU
		Release|Any CPU = Release|Any CPU
	EndGlobalSection
	GlobalSection(ProjectConfigurationPlatforms) = postSolution
		{AE07DC5E-179E-47B9-A57C-DB53D72F0755}.Debug|Any CPU.ActiveCfg = Debug|Any CPU
		{AE07DC5E-179E-47B9-A57C-DB53D72F0755}.Debug|Any CPU.Build.0 = Debug|Any CPU
		{AE07DC5E-179E-47B9-A57C-DB53D72F0755}.Release|Any CPU.ActiveCfg = Release|Any CPU
		{AE07DC5E-179E-47B9-A57C-DB53D72F0755}.Release|Any CPU.Build.0 = Release|Any CPU
		{B145D937-A65C-4F5F-9130-F2E8CD6C4CC9}.Debug|Any CPU.ActiveCfg = Debug|Any CPU
		{B145D937-A65C-4F5F-9130-F2E8CD6C4CC9}.Debug|Any CPU.Build.0 = Debug|Any CPU
		{B145D937-A65C-4F5F-9130-F2E8CD6C4CC9}.Release|Any CPU.ActiveCfg = Release|Any CPU
		{B145D937-A65C-4F5F-9130-F2E8CD6C4CC9}.Release|Any CPU.Build.0 = Release|Any CPU
		{14B8E1CD-0FAD-4C8C-A96A-8348E07064EE}.Debug|Any CPU.ActiveCfg = Debug|Any CPU
		{14B8E1CD-0FAD-4C8C-A96A-8348E07064EE}.Debug|Any CPU.Build.0 = Debug|Any CPU
		{14B8E1CD-0FAD-4C8C-A96A-8348E07064EE}.Release|Any CPU.ActiveCfg = Release|Any CPU
		{14B8E1CD-0FAD-4C8C-A96A-8348E07064EE}.Release|Any CPU.Build.0 = Release|Any CPU
		{6CF9DB76-860A-4DBC-97D3-BA7097E0F1D3}.Debug|Any CPU.ActiveCfg = Debug|Any CPU
		{6CF9DB76-860A-4DBC-97D3-BA7097E0F1D3}.Debug|Any CPU.Build.0 = Debug|Any CPU
		{6CF9DB76-860A-4DBC-97D3-BA7097E0F1D3}.Release|Any CPU.ActiveCfg = Release|Any CPU
		{6CF9DB76-860A-4DBC-97D3-BA7097E0F1D3}.Release|Any CPU.Build.0 = Release|Any CPU
		{10C5A269-7B58-4DF7-A249-365B4029F124}.Debug|Any CPU.ActiveCfg = Debug|Any CPU
		{10C5A269-7B58-4DF7-A249-365B4029F124}.Debug|Any CPU.Build.0 = Debug|Any CPU
		{10C5A269-7B58-4DF7-A249-365B4029F124}.Release|Any CPU.ActiveCfg = Release|Any CPU
		{10C5A269-7B58-4DF7-A249-365B4029F124}.Release|Any CPU.Build.0 = Release|Any CPU
		{3E13CD7B-1D40-490B-AC37-4C2CE6097DF5}.Debug|Any CPU.ActiveCfg = Debug|Any CPU
		{3E13CD7B-1D40-490B-AC37-4C2CE6097DF5}.Debug|Any CPU.Build.0 = Debug|Any CPU
		{3E13CD7B-1D40-490B-AC37-4C2CE6097DF5}.Release|Any CPU.ActiveCfg = Release|Any CPU
		{3E13CD7B-1D40-490B-AC37-4C2CE6097DF5}.Release|Any CPU.Build.0 = Release|Any CPU
		{14A598B4-F81B-4A39-82C2-3CD152AE4CF9}.Debug|Any CPU.ActiveCfg = Debug|Any CPU
		{14A598B4-F81B-4A39-82C2-3CD152AE4CF9}.Debug|Any CPU.Build.0 = Debug|Any CPU
		{14A598B4-F81B-4A39-82C2-3CD152AE4CF9}.Release|Any CPU.ActiveCfg = Release|Any CPU
		{14A598B4-F81B-4A39-82C2-3CD152AE4CF9}.Release|Any CPU.Build.0 = Release|Any CPU
	EndGlobalSection
	GlobalSection(SolutionProperties) = preSolution
		HideSolutionNode = FALSE
	EndGlobalSection
	GlobalSection(NestedProjects) = preSolution
		{AE07DC5E-179E-47B9-A57C-DB53D72F0755} = {DEB7F10E-5AC2-4B70-8E90-60C8727BF156}
		{B145D937-A65C-4F5F-9130-F2E8CD6C4CC9} = {AA0A4CF0-14C6-444B-BD3B-E568E18399FE}
		{14B8E1CD-0FAD-4C8C-A96A-8348E07064EE} = {AA0A4CF0-14C6-444B-BD3B-E568E18399FE}
		{6CF9DB76-860A-4DBC-97D3-BA7097E0F1D3} = {AA0A4CF0-14C6-444B-BD3B-E568E18399FE}
		{10C5A269-7B58-4DF7-A249-365B4029F124} = {DEB7F10E-5AC2-4B70-8E90-60C8727BF156}
		{3E13CD7B-1D40-490B-AC37-4C2CE6097DF5} = {250E49EF-F020-4376-907A-2227BE539852}
		{14A598B4-F81B-4A39-82C2-3CD152AE4CF9} = {250E49EF-F020-4376-907A-2227BE539852}
	EndGlobalSection
	GlobalSection(ExtensibilityGlobals) = postSolution
		SolutionGuid = {B85B72D3-E7BA-4C83-8775-0990A3A45DF0}
	EndGlobalSection
EndGlobal
